# This file is automatically @generated by Cargo.
# It is not intended for manual editing.
version = 4

[[package]]
name = "link-section"
version = "0.0.2"
dependencies = [
 "link-section-proc-macro",
]

[[package]]
name = "link-section-proc-macro"
version = "0.0.2"
source = "registry+https://github.com/rust-lang/crates.io-index"
checksum = "8ca984cd9d1e6e963e696ae143bdafcfee5a38c2281909de04aa18c004b33904"

[[package]]
name = "tests"
version = "0.1.0"
dependencies = [
 "link-section",
]
