# This file is automatically @generated by Cargo.
# It is not intended for manual editing.
version = 4

[[package]]
name = "link-section"
version = "0.0.9"
dependencies = [
 "link-section-proc-macro",
]

[[package]]
name = "link-section-proc-macro"
version = "0.0.11"

[[package]]
name = "tests"
version = "0.1.0"
dependencies = [
 "link-section",
]
