# This file is automatically @generated by Cargo.
# It is not intended for manual editing.
version = 4

[[package]]
name = "ctor"
version = "0.9.0"
dependencies = [
 "ctor-proc-macro",
 "dtor",
]

[[package]]
name = "ctor-proc-macro"
version = "0.0.12"

[[package]]
name = "dtor"
version = "0.6.0"
dependencies = [
 "dtor-proc-macro",
]

[[package]]
name = "dtor-proc-macro"
version = "0.0.12"

[[package]]
name = "warn-unsafe"
version = "0.0.0"
dependencies = [
 "ctor",
]
