# This file is automatically @generated by Cargo.
# It is not intended for manual editing.
version = 4

[[package]]
name = "ctor"
version = "0.9.0"
dependencies = [
 "ctor-proc-macro",
 "dtor",
 "link-section",
]

[[package]]
name = "ctor-proc-macro"
version = "0.0.10"

[[package]]
name = "dtor"
version = "0.5.0"
dependencies = [
 "dtor-proc-macro",
]

[[package]]
name = "dtor-proc-macro"
version = "0.0.10"

[[package]]
name = "link-section"
version = "0.0.9"

[[package]]
name = "tests-edition-2024"
version = "0.1.0"
dependencies = [
 "ctor",
]
